
Microsoft Visual Studio Solution File, Format Version 12.00
# Visual Studio 15
VisualStudioVersion = 15.0.28307.1267
MinimumVisualStudioVersion = 10.0.40219.1
Project("{FAE04EC0-301F-11D3-BF4B-00C04F79EFBC}") = "ClassMetotDemo", "HomeWork\ClassMetotDemo.csproj", "{F754AA7D-04C9-4ED0-8250-9AA388F7E124}"
EndProject
Global
	GlobalSection(SolutionConfigurationPlatforms) = preSolution
		Debug|Any CPU = Debug|Any CPU
		Release|Any CPU = Release|Any CPU
	EndGlobalSection
	GlobalSection(ProjectConfigurationPlatforms) = postSolution
		{F754AA7D-04C9-4ED0-8250-9AA388F7E124}.Debug|Any CPU.ActiveCfg = Debug|Any CPU
		{F754AA7D-04C9-4ED0-8250-9AA388F7E124}.Debug|Any CPU.Build.0 = Debug|Any CPU
		{F754AA7D-04C9-4ED0-8250-9AA388F7E124}.Release|Any CPU.ActiveCfg = Release|Any CPU
		{F754AA7D-04C9-4ED0-8250-9AA388F7E124}.Release|Any CPU.Build.0 = Release|Any CPU
	EndGlobalSection
	GlobalSection(SolutionProperties) = preSolution
		HideSolutionNode = FALSE
	EndGlobalSection
	GlobalSection(ExtensibilityGlobals) = postSolution
		SolutionGuid = {FFDB344D-49EB-4988-A57C-34244B40195B}
	EndGlobalSection
EndGlobal
